
Microsoft Visual Studio Solution File, Format Version 12.00
# Visual Studio Version 17
VisualStudioVersion = 17.2.32602.215
MinimumVisualStudioVersion = 10.0.40219.1
Project("{FAE04EC0-301F-11D3-BF4B-00C04F79EFBC}") = "TolkoNeSnova", "TolkoNeSnova\TolkoNeSnova.csproj", "{C555CE52-B1B5-4ABE-BFEC-076C16EAAFB9}"
EndProject
Global
	GlobalSection(SolutionConfigurationPlatforms) = preSolution
		Debug|Any CPU = Debug|Any CPU
		Release|Any CPU = Release|Any CPU
	EndGlobalSection
	GlobalSection(ProjectConfigurationPlatforms) = postSolution
		{C555CE52-B1B5-4ABE-BFEC-076C16EAAFB9}.Debug|Any CPU.ActiveCfg = Debug|Any CPU
		{C555CE52-B1B5-4ABE-BFEC-076C16EAAFB9}.Debug|Any CPU.Build.0 = Debug|Any CPU
		{C555CE52-B1B5-4ABE-BFEC-076C16EAAFB9}.Release|Any CPU.ActiveCfg = Release|Any CPU
		{C555CE52-B1B5-4ABE-BFEC-076C16EAAFB9}.Release|Any CPU.Build.0 = Release|Any CPU
	EndGlobalSection
	GlobalSection(SolutionProperties) = preSolution
		HideSolutionNode = FALSE
	EndGlobalSection
	GlobalSection(ExtensibilityGlobals) = postSolution
		SolutionGuid = {83F0A78E-8E51-4769-B5C9-33CA8E65452D}
	EndGlobalSection
EndGlobal
