
Microsoft Visual Studio Solution File, Format Version 12.00
# Visual Studio Version 17
VisualStudioVersion = 17.2.32602.215
MinimumVisualStudioVersion = 10.0.40219.1
Project("{FAE04EC0-301F-11D3-BF4B-00C04F79EFBC}") = "aktios21", "aktios21\aktios21.csproj", "{871427E9-A555-4485-962D-CC8AB40B4521}"
EndProject
Global
	GlobalSection(SolutionConfigurationPlatforms) = preSolution
		Debug|Any CPU = Debug|Any CPU
		Release|Any CPU = Release|Any CPU
	EndGlobalSection
	GlobalSection(ProjectConfigurationPlatforms) = postSolution
		{871427E9-A555-4485-962D-CC8AB40B4521}.Debug|Any CPU.ActiveCfg = Debug|Any CPU
		{871427E9-A555-4485-962D-CC8AB40B4521}.Debug|Any CPU.Build.0 = Debug|Any CPU
		{871427E9-A555-4485-962D-CC8AB40B4521}.Release|Any CPU.ActiveCfg = Release|Any CPU
		{871427E9-A555-4485-962D-CC8AB40B4521}.Release|Any CPU.Build.0 = Release|Any CPU
	EndGlobalSection
	GlobalSection(SolutionProperties) = preSolution
		HideSolutionNode = FALSE
	EndGlobalSection
	GlobalSection(ExtensibilityGlobals) = postSolution
		SolutionGuid = {D563AB1F-54B9-4E97-BEB8-8FAC8F7FBB78}
	EndGlobalSection
EndGlobal
