
Microsoft Visual Studio Solution File, Format Version 12.00
# Visual Studio Version 17
VisualStudioVersion = 17.2.32602.215
MinimumVisualStudioVersion = 10.0.40219.1
Project("{FAE04EC0-301F-11D3-BF4B-00C04F79EFBC}") = "ChangeRegProg", "ChangeRegProg\ChangeRegProg.csproj", "{57319BE9-9478-4FDC-9800-7F32B9EC9A2D}"
EndProject
Project("{9A19103F-16F7-4668-BE54-9A1E7A4F7556}") = "changeRegister", "..\..\changeRegister\changeRegister\changeRegister.csproj", "{806401C8-97B5-4C0E-BD80-AC85A27C2064}"
EndProject
Global
	GlobalSection(SolutionConfigurationPlatforms) = preSolution
		Debug|Any CPU = Debug|Any CPU
		Release|Any CPU = Release|Any CPU
	EndGlobalSection
	GlobalSection(ProjectConfigurationPlatforms) = postSolution
		{57319BE9-9478-4FDC-9800-7F32B9EC9A2D}.Debug|Any CPU.ActiveCfg = Debug|Any CPU
		{57319BE9-9478-4FDC-9800-7F32B9EC9A2D}.Debug|Any CPU.Build.0 = Debug|Any CPU
		{57319BE9-9478-4FDC-9800-7F32B9EC9A2D}.Release|Any CPU.ActiveCfg = Release|Any CPU
		{57319BE9-9478-4FDC-9800-7F32B9EC9A2D}.Release|Any CPU.Build.0 = Release|Any CPU
		{806401C8-97B5-4C0E-BD80-AC85A27C2064}.Debug|Any CPU.ActiveCfg = Debug|Any CPU
		{806401C8-97B5-4C0E-BD80-AC85A27C2064}.Debug|Any CPU.Build.0 = Debug|Any CPU
		{806401C8-97B5-4C0E-BD80-AC85A27C2064}.Release|Any CPU.ActiveCfg = Release|Any CPU
		{806401C8-97B5-4C0E-BD80-AC85A27C2064}.Release|Any CPU.Build.0 = Release|Any CPU
	EndGlobalSection
	GlobalSection(SolutionProperties) = preSolution
		HideSolutionNode = FALSE
	EndGlobalSection
	GlobalSection(ExtensibilityGlobals) = postSolution
		SolutionGuid = {FE169370-9812-4CFA-808C-E2573E530346}
	EndGlobalSection
EndGlobal
