
Microsoft Visual Studio Solution File, Format Version 12.00
# Visual Studio Version 17
VisualStudioVersion = 17.2.32602.215
MinimumVisualStudioVersion = 10.0.40219.1
Project("{FAE04EC0-301F-11D3-BF4B-00C04F79EFBC}") = "WS-Server", "WS-Server\WS-Server.csproj", "{FA15C4B0-50B9-4152-A09D-48E3BB4345A1}"
EndProject
Global
	GlobalSection(SolutionConfigurationPlatforms) = preSolution
		Debug|Any CPU = Debug|Any CPU
		Release|Any CPU = Release|Any CPU
	EndGlobalSection
	GlobalSection(ProjectConfigurationPlatforms) = postSolution
		{FA15C4B0-50B9-4152-A09D-48E3BB4345A1}.Debug|Any CPU.ActiveCfg = Debug|Any CPU
		{FA15C4B0-50B9-4152-A09D-48E3BB4345A1}.Debug|Any CPU.Build.0 = Debug|Any CPU
		{FA15C4B0-50B9-4152-A09D-48E3BB4345A1}.Release|Any CPU.ActiveCfg = Release|Any CPU
		{FA15C4B0-50B9-4152-A09D-48E3BB4345A1}.Release|Any CPU.Build.0 = Release|Any CPU
	EndGlobalSection
	GlobalSection(SolutionProperties) = preSolution
		HideSolutionNode = FALSE
	EndGlobalSection
	GlobalSection(ExtensibilityGlobals) = postSolution
		SolutionGuid = {43D07AA4-C9CB-48C8-A06C-0C34E5C70FF4}
	EndGlobalSection
EndGlobal
