
Microsoft Visual Studio Solution File, Format Version 12.00
# Visual Studio Version 17
VisualStudioVersion = 17.2.32602.215
MinimumVisualStudioVersion = 10.0.40219.1
Project("{FAE04EC0-301F-11D3-BF4B-00C04F79EFBC}") = "huffman", "huffman\huffman.csproj", "{F8FA9F52-6746-4FB4-9748-E9DB3DB5FE8B}"
EndProject
Global
	GlobalSection(SolutionConfigurationPlatforms) = preSolution
		Debug|Any CPU = Debug|Any CPU
		Release|Any CPU = Release|Any CPU
	EndGlobalSection
	GlobalSection(ProjectConfigurationPlatforms) = postSolution
		{F8FA9F52-6746-4FB4-9748-E9DB3DB5FE8B}.Debug|Any CPU.ActiveCfg = Debug|Any CPU
		{F8FA9F52-6746-4FB4-9748-E9DB3DB5FE8B}.Debug|Any CPU.Build.0 = Debug|Any CPU
		{F8FA9F52-6746-4FB4-9748-E9DB3DB5FE8B}.Release|Any CPU.ActiveCfg = Release|Any CPU
		{F8FA9F52-6746-4FB4-9748-E9DB3DB5FE8B}.Release|Any CPU.Build.0 = Release|Any CPU
	EndGlobalSection
	GlobalSection(SolutionProperties) = preSolution
		HideSolutionNode = FALSE
	EndGlobalSection
	GlobalSection(ExtensibilityGlobals) = postSolution
		SolutionGuid = {57D4E661-75A7-402D-8B9F-3E58061CE1E2}
	EndGlobalSection
EndGlobal
