
Microsoft Visual Studio Solution File, Format Version 12.00
# Visual Studio Version 17
VisualStudioVersion = 17.2.32602.215
MinimumVisualStudioVersion = 10.0.40219.1
Project("{FAE04EC0-301F-11D3-BF4B-00C04F79EFBC}") = "DataBaseInterface", "DataBaseInterface\DataBaseInterface.csproj", "{2F739D33-9593-4A4F-B481-596791ADD3F3}"
EndProject
Global
	GlobalSection(SolutionConfigurationPlatforms) = preSolution
		Debug|Any CPU = Debug|Any CPU
		Release|Any CPU = Release|Any CPU
	EndGlobalSection
	GlobalSection(ProjectConfigurationPlatforms) = postSolution
		{2F739D33-9593-4A4F-B481-596791ADD3F3}.Debug|Any CPU.ActiveCfg = Debug|Any CPU
		{2F739D33-9593-4A4F-B481-596791ADD3F3}.Debug|Any CPU.Build.0 = Debug|Any CPU
		{2F739D33-9593-4A4F-B481-596791ADD3F3}.Release|Any CPU.ActiveCfg = Release|Any CPU
		{2F739D33-9593-4A4F-B481-596791ADD3F3}.Release|Any CPU.Build.0 = Release|Any CPU
	EndGlobalSection
	GlobalSection(SolutionProperties) = preSolution
		HideSolutionNode = FALSE
	EndGlobalSection
	GlobalSection(ExtensibilityGlobals) = postSolution
		SolutionGuid = {ACDF6797-074F-49FB-85BC-97F64EF85BF2}
	EndGlobalSection
EndGlobal
