
Microsoft Visual Studio Solution File, Format Version 12.00
# Visual Studio Version 17
VisualStudioVersion = 17.5.33516.290
MinimumVisualStudioVersion = 10.0.40219.1
Project("{FAE04EC0-301F-11D3-BF4B-00C04F79EFBC}") = "sp4444", "sp4444\sp4444.csproj", "{65EFE334-A005-4ADC-946A-349CF217DC45}"
EndProject
Global
	GlobalSection(SolutionConfigurationPlatforms) = preSolution
		Debug|Any CPU = Debug|Any CPU
		Release|Any CPU = Release|Any CPU
	EndGlobalSection
	GlobalSection(ProjectConfigurationPlatforms) = postSolution
		{65EFE334-A005-4ADC-946A-349CF217DC45}.Debug|Any CPU.ActiveCfg = Debug|Any CPU
		{65EFE334-A005-4ADC-946A-349CF217DC45}.Debug|Any CPU.Build.0 = Debug|Any CPU
		{65EFE334-A005-4ADC-946A-349CF217DC45}.Release|Any CPU.ActiveCfg = Release|Any CPU
		{65EFE334-A005-4ADC-946A-349CF217DC45}.Release|Any CPU.Build.0 = Release|Any CPU
	EndGlobalSection
	GlobalSection(SolutionProperties) = preSolution
		HideSolutionNode = FALSE
	EndGlobalSection
	GlobalSection(ExtensibilityGlobals) = postSolution
		SolutionGuid = {BC05A985-C61F-40B6-BEFF-4E5DA88CE7B2}
	EndGlobalSection
EndGlobal
