
Microsoft Visual Studio Solution File, Format Version 12.00
# Visual Studio Version 17
VisualStudioVersion = 17.2.32602.215
MinimumVisualStudioVersion = 10.0.40219.1
Project("{FAE04EC0-301F-11D3-BF4B-00C04F79EFBC}") = "2", "2\2.csproj", "{FC9B89FE-914D-48C3-9D41-DB88BE600FEE}"
EndProject
Global
	GlobalSection(SolutionConfigurationPlatforms) = preSolution
		Debug|Any CPU = Debug|Any CPU
		Release|Any CPU = Release|Any CPU
	EndGlobalSection
	GlobalSection(ProjectConfigurationPlatforms) = postSolution
		{FC9B89FE-914D-48C3-9D41-DB88BE600FEE}.Debug|Any CPU.ActiveCfg = Debug|Any CPU
		{FC9B89FE-914D-48C3-9D41-DB88BE600FEE}.Debug|Any CPU.Build.0 = Debug|Any CPU
		{FC9B89FE-914D-48C3-9D41-DB88BE600FEE}.Release|Any CPU.ActiveCfg = Release|Any CPU
		{FC9B89FE-914D-48C3-9D41-DB88BE600FEE}.Release|Any CPU.Build.0 = Release|Any CPU
	EndGlobalSection
	GlobalSection(SolutionProperties) = preSolution
		HideSolutionNode = FALSE
	EndGlobalSection
	GlobalSection(ExtensibilityGlobals) = postSolution
		SolutionGuid = {FE652F9C-E05B-4184-8344-916A19713688}
	EndGlobalSection
EndGlobal
