
Microsoft Visual Studio Solution File, Format Version 12.00
# Visual Studio Version 17
VisualStudioVersion = 17.2.32602.215
MinimumVisualStudioVersion = 10.0.40219.1
Project("{FAE04EC0-301F-11D3-BF4B-00C04F79EFBC}") = "ti5", "ti5\ti5.csproj", "{930A135A-4447-44B2-8A73-2F821A996684}"
EndProject
Global
	GlobalSection(SolutionConfigurationPlatforms) = preSolution
		Debug|Any CPU = Debug|Any CPU
		Release|Any CPU = Release|Any CPU
	EndGlobalSection
	GlobalSection(ProjectConfigurationPlatforms) = postSolution
		{930A135A-4447-44B2-8A73-2F821A996684}.Debug|Any CPU.ActiveCfg = Debug|Any CPU
		{930A135A-4447-44B2-8A73-2F821A996684}.Debug|Any CPU.Build.0 = Debug|Any CPU
		{930A135A-4447-44B2-8A73-2F821A996684}.Release|Any CPU.ActiveCfg = Release|Any CPU
		{930A135A-4447-44B2-8A73-2F821A996684}.Release|Any CPU.Build.0 = Release|Any CPU
	EndGlobalSection
	GlobalSection(SolutionProperties) = preSolution
		HideSolutionNode = FALSE
	EndGlobalSection
	GlobalSection(ExtensibilityGlobals) = postSolution
		SolutionGuid = {34A26FD5-5CCA-4EF5-8193-F8DF2B88C82F}
	EndGlobalSection
EndGlobal
