
Microsoft Visual Studio Solution File, Format Version 12.00
# Visual Studio Version 17
VisualStudioVersion = 17.5.33516.290
MinimumVisualStudioVersion = 10.0.40219.1
Project("{9A19103F-16F7-4668-BE54-9A1E7A4F7556}") = "WebApiDB", "WebApiDB\WebApiDB.csproj", "{A2A210F1-0C52-4939-A7F0-869795A0914F}"
EndProject
Global
	GlobalSection(SolutionConfigurationPlatforms) = preSolution
		Debug|Any CPU = Debug|Any CPU
		Release|Any CPU = Release|Any CPU
	EndGlobalSection
	GlobalSection(ProjectConfigurationPlatforms) = postSolution
		{A2A210F1-0C52-4939-A7F0-869795A0914F}.Debug|Any CPU.ActiveCfg = Debug|Any CPU
		{A2A210F1-0C52-4939-A7F0-869795A0914F}.Debug|Any CPU.Build.0 = Debug|Any CPU
		{A2A210F1-0C52-4939-A7F0-869795A0914F}.Release|Any CPU.ActiveCfg = Release|Any CPU
		{A2A210F1-0C52-4939-A7F0-869795A0914F}.Release|Any CPU.Build.0 = Release|Any CPU
	EndGlobalSection
	GlobalSection(SolutionProperties) = preSolution
		HideSolutionNode = FALSE
	EndGlobalSection
	GlobalSection(ExtensibilityGlobals) = postSolution
		SolutionGuid = {EB05C9FD-8633-4427-BC54-AE2AE490C11B}
	EndGlobalSection
EndGlobal
