
Microsoft Visual Studio Solution File, Format Version 12.00
# Visual Studio Version 17
VisualStudioVersion = 17.5.33516.290
MinimumVisualStudioVersion = 10.0.40219.1
Project("{FAE04EC0-301F-11D3-BF4B-00C04F79EFBC}") = "strategy", "strategy\strategy.csproj", "{8B529464-6A8A-40C3-91F6-69F7CD413B7B}"
EndProject
Global
	GlobalSection(SolutionConfigurationPlatforms) = preSolution
		Debug|Any CPU = Debug|Any CPU
		Release|Any CPU = Release|Any CPU
	EndGlobalSection
	GlobalSection(ProjectConfigurationPlatforms) = postSolution
		{8B529464-6A8A-40C3-91F6-69F7CD413B7B}.Debug|Any CPU.ActiveCfg = Debug|Any CPU
		{8B529464-6A8A-40C3-91F6-69F7CD413B7B}.Debug|Any CPU.Build.0 = Debug|Any CPU
		{8B529464-6A8A-40C3-91F6-69F7CD413B7B}.Release|Any CPU.ActiveCfg = Release|Any CPU
		{8B529464-6A8A-40C3-91F6-69F7CD413B7B}.Release|Any CPU.Build.0 = Release|Any CPU
	EndGlobalSection
	GlobalSection(SolutionProperties) = preSolution
		HideSolutionNode = FALSE
	EndGlobalSection
	GlobalSection(ExtensibilityGlobals) = postSolution
		SolutionGuid = {B92E7A98-5CD2-4B16-9686-E1C80F73AFFC}
	EndGlobalSection
EndGlobal
